
Microsoft Visual Studio Solution File, Format Version 12.00
# Visual Studio Version 17
VisualStudioVersion = 17.3.32929.385
MinimumVisualStudioVersion = 10.0.40219.1
Project("{9A19103F-16F7-4668-BE54-9A1E7A4F7556}") = "AxeCore.HTMLReporter", "src\html-reporter\AxeCore.HTMLReporter.csproj", "{1A1AF7F1-B397-44D0-8698-C05B5F5186F2}"
EndProject
Project("{2150E333-8FDC-42A3-9474-1A3956D46DE8}") = "SolutionItems", "SolutionItems", "{50AB32D1-D376-4887-9EEB-7BE2328046DA}"
	ProjectSection(SolutionItems) = preProject
		CODE_OF_CONDUCT.md = CODE_OF_CONDUCT.md
		Directory.Packages.props = Directory.Packages.props
		LICENSE = LICENSE
		README.md = README.md
		SECURITY.md = SECURITY.md
		SUPPORT.md = SUPPORT.md
	EndProjectSection
EndProject
Project("{9A19103F-16F7-4668-BE54-9A1E7A4F7556}") = "AxeCore.HTMLReporter.Tests", "tests\html-reporter\AxeCore.HTMLReporter.Tests.csproj", "{6A5EB42E-630F-4132-8679-11728C7A092F}"
EndProject
Project("{9A19103F-16F7-4668-BE54-9A1E7A4F7556}") = "AxeCore.HTMLReporter.DevServer", "src\dev-server\AxeCore.HTMLReporter.DevServer.csproj", "{CC2522E5-8DA8-4017-BF55-A520F1E2C1A7}"
EndProject
Project("{9A19103F-16F7-4668-BE54-9A1E7A4F7556}") = "AxeCore.HTMLReporter.Playwright", "src\html-reporter-playwright\AxeCore.HTMLReporter.Playwright.csproj", "{337DD0CB-3FF6-48EB-992F-B6EFCF612DD2}"
EndProject
Project("{9A19103F-16F7-4668-BE54-9A1E7A4F7556}") = "AxeCore.HTMLReporter.Playwright.Tests", "tests\html-reporter-playwright\AxeCore.HTMLReporter.Playwright.Tests.csproj", "{4A50CAB8-E505-444D-9A87-76796F44B1FC}"
EndProject
Project("{9A19103F-16F7-4668-BE54-9A1E7A4F7556}") = "AxeCore.HTMLReporter.Selenium", "src\html-reporter-selenium\AxeCore.HTMLReporter.Selenium.csproj", "{0388ECAE-6916-467C-9BFE-17F21C04BB49}"
EndProject
Project("{9A19103F-16F7-4668-BE54-9A1E7A4F7556}") = "AxeCore.HTMLReporter.Selenium.Tests", "tests\html-reporter-selenium\AxeCore.HTMLReporter.Selenium.Tests.csproj", "{06E2B8CA-2FDA-45BC-A3F9-DF3CF069C2A9}"
EndProject
Global
	GlobalSection(SolutionConfigurationPlatforms) = preSolution
		Debug|Any CPU = Debug|Any CPU
		Release|Any CPU = Release|Any CPU
	EndGlobalSection
	GlobalSection(ProjectConfigurationPlatforms) = postSolution
		{1A1AF7F1-B397-44D0-8698-C05B5F5186F2}.Debug|Any CPU.ActiveCfg = Debug|Any CPU
		{1A1AF7F1-B397-44D0-8698-C05B5F5186F2}.Debug|Any CPU.Build.0 = Debug|Any CPU
		{1A1AF7F1-B397-44D0-8698-C05B5F5186F2}.Release|Any CPU.ActiveCfg = Release|Any CPU
		{1A1AF7F1-B397-44D0-8698-C05B5F5186F2}.Release|Any CPU.Build.0 = Release|Any CPU
		{6A5EB42E-630F-4132-8679-11728C7A092F}.Debug|Any CPU.ActiveCfg = Debug|Any CPU
		{6A5EB42E-630F-4132-8679-11728C7A092F}.Debug|Any CPU.Build.0 = Debug|Any CPU
		{6A5EB42E-630F-4132-8679-11728C7A092F}.Release|Any CPU.ActiveCfg = Release|Any CPU
		{6A5EB42E-630F-4132-8679-11728C7A092F}.Release|Any CPU.Build.0 = Release|Any CPU
		{CC2522E5-8DA8-4017-BF55-A520F1E2C1A7}.Debug|Any CPU.ActiveCfg = Debug|Any CPU
		{CC2522E5-8DA8-4017-BF55-A520F1E2C1A7}.Debug|Any CPU.Build.0 = Debug|Any CPU
		{CC2522E5-8DA8-4017-BF55-A520F1E2C1A7}.Release|Any CPU.ActiveCfg = Release|Any CPU
		{CC2522E5-8DA8-4017-BF55-A520F1E2C1A7}.Release|Any CPU.Build.0 = Release|Any CPU
		{337DD0CB-3FF6-48EB-992F-B6EFCF612DD2}.Debug|Any CPU.ActiveCfg = Debug|Any CPU
		{337DD0CB-3FF6-48EB-992F-B6EFCF612DD2}.Debug|Any CPU.Build.0 = Debug|Any CPU
		{337DD0CB-3FF6-48EB-992F-B6EFCF612DD2}.Release|Any CPU.ActiveCfg = Release|Any CPU
		{337DD0CB-3FF6-48EB-992F-B6EFCF612DD2}.Release|Any CPU.Build.0 = Release|Any CPU
		{4A50CAB8-E505-444D-9A87-76796F44B1FC}.Debug|Any CPU.ActiveCfg = Debug|Any CPU
		{4A50CAB8-E505-444D-9A87-76796F44B1FC}.Debug|Any CPU.Build.0 = Debug|Any CPU
		{4A50CAB8-E505-444D-9A87-76796F44B1FC}.Release|Any CPU.ActiveCfg = Release|Any CPU
		{4A50CAB8-E505-444D-9A87-76796F44B1FC}.Release|Any CPU.Build.0 = Release|Any CPU
		{0388ECAE-6916-467C-9BFE-17F21C04BB49}.Debug|Any CPU.ActiveCfg = Debug|Any CPU
		{0388ECAE-6916-467C-9BFE-17F21C04BB49}.Debug|Any CPU.Build.0 = Debug|Any CPU
		{0388ECAE-6916-467C-9BFE-17F21C04BB49}.Release|Any CPU.ActiveCfg = Release|Any CPU
		{0388ECAE-6916-467C-9BFE-17F21C04BB49}.Release|Any CPU.Build.0 = Release|Any CPU
		{06E2B8CA-2FDA-45BC-A3F9-DF3CF069C2A9}.Debug|Any CPU.ActiveCfg = Debug|Any CPU
		{06E2B8CA-2FDA-45BC-A3F9-DF3CF069C2A9}.Debug|Any CPU.Build.0 = Debug|Any CPU
		{06E2B8CA-2FDA-45BC-A3F9-DF3CF069C2A9}.Release|Any CPU.ActiveCfg = Release|Any CPU
		{06E2B8CA-2FDA-45BC-A3F9-DF3CF069C2A9}.Release|Any CPU.Build.0 = Release|Any CPU
	EndGlobalSection
	GlobalSection(SolutionProperties) = preSolution
		HideSolutionNode = FALSE
	EndGlobalSection
	GlobalSection(ExtensibilityGlobals) = postSolution
		SolutionGuid = {9715386D-299E-43AA-97A2-DFE3B6B8450E}
	EndGlobalSection
EndGlobal
